// !$*UTF8*$!
{
	archiveVersion = 1;
	classes = {
	};
	objectVersion = 77;
	objects = {

/* Begin PBXContainerItemProxy section */
		046EF20C2CA9523500764A74 /* PBXContainerItemProxy */ = {
			isa = PBXContainerItemProxy;
			containerPortal = 046EF1F32CA9523200764A74 /* Project object */;
			proxyType = 1;
			remoteGlobalIDString = 046EF1FA2CA9523200764A74;
			remoteInfo = WhatsAppSettingView;
		};
		046EF2162CA9523500764A74 /* PBXContainerItemProxy */ = {
			isa = PBXContainerItemProxy;
			containerPortal = 046EF1F32CA9523200764A74 /* Project object */;
			proxyType = 1;
			remoteGlobalIDString = 046EF1FA2CA9523200764A74;
			remoteInfo = WhatsAppSettingView;
		};
/* End PBXContainerItemProxy section */

/* Begin PBXFileReference section */
		046EF1FB2CA9523200764A74 /* WhatsAppSettingView.app */ = {isa = PBXFileReference; explicitFileType = wrapper.application; includeInIndex = 0; path = WhatsAppSettingView.app; sourceTree = BUILT_PRODUCTS_DIR; };
		046EF20B2CA9523500764A74 /* WhatsAppSettingViewTests.xctest */ = {isa = PBXFileReference; explicitFileType = wrapper.cfbundle; includeInIndex = 0; path = WhatsAppSettingViewTests.xctest; sourceTree = BUILT_PRODUCTS_DIR; };
		046EF2152CA9523500764A74 /* WhatsAppSettingViewUITests.xctest */ = {isa = PBXFileReference; explicitFileType = wrapper.cfbundle; includeInIndex = 0; path = WhatsAppSettingViewUITests.xctest; sourceTree = BUILT_PRODUCTS_DIR; };
/* End PBXFileReference section */

/* Begin PBXFileSystemSynchronizedRootGroup section */
		046EF1FD2CA9523200764A74 /* WhatsAppSettingView */ = {
			isa = PBXFileSystemSynchronizedRootGroup;
			path = WhatsAppSettingView;
			sourceTree = "<group>";
		};
		046EF20E2CA9523500764A74 /* WhatsAppSettingViewTests */ = {
			isa = PBXFileSystemSynchronizedRootGroup;
			path = WhatsAppSettingViewTests;
			sourceTree = "<group>";
		};
		046EF2182CA9523500764A74 /* WhatsAppSettingViewUITests */ = {
			isa = PBXFileSystemSynchronizedRootGroup;
			path = WhatsAppSettingViewUITests;
			sourceTree = "<group>";
		};
/* End PBXFileSystemSynchronizedRootGroup section */

/* Begin PBXFrameworksBuildPhase section */
		046EF1F82CA9523200764A74 /* Frameworks */ = {
			isa = PBXFrameworksBuildPhase;
			buildActionMask = 2147483647;
			files = (
			);
			runOnlyForDeploymentPostprocessing = 0;
		};
		046EF2082CA9523500764A74 /* Frameworks */ = {
			isa = PBXFrameworksBuildPhase;
			buildActionMask = 2147483647;
			files = (
			);
			runOnlyForDeploymentPostprocessing = 0;
		};
		046EF2122CA9523500764A74 /* Frameworks */ = {
			isa = PBXFrameworksBuildPhase;
			buildActionMask = 2147483647;
			files = (
			);
			runOnlyForDeploymentPostprocessing = 0;
		};
/* End PBXFrameworksBuildPhase section */

/* Begin PBXGroup section */
		046EF1F22CA9523200764A74 = {
			isa = PBXGroup;
			children = (
				046EF1FD2CA9523200764A74 /* WhatsAppSettingView */,
				046EF20E2CA9523500764A74 /* WhatsAppSettingViewTests */,
				046EF2182CA9523500764A74 /* WhatsAppSettingViewUITests */,
				046EF1FC2CA9523200764A74 /* Products */,
			);
			sourceTree = "<group>";
		};
		046EF1FC2CA9523200764A74 /* Products */ = {
			isa = PBXGroup;
			children = (
				046EF1FB2CA9523200764A74 /* WhatsAppSettingView.app */,
				046EF20B2CA9523500764A74 /* WhatsAppSettingViewTests.xctest */,
				046EF2152CA9523500764A74 /* WhatsAppSettingViewUITests.xctest */,
			);
			name = Products;
			sourceTree = "<group>";
		};
/* End PBXGroup section */

/* Begin PBXNativeTarget section */
		046EF1FA2CA9523200764A74 /* WhatsAppSettingView */ = {
			isa = PBXNativeTarget;
			buildConfigurationList = 046EF21F2CA9523500764A74 /* Build configuration list for PBXNativeTarget "WhatsAppSettingView" */;
			buildPhases = (
				046EF1F72CA9523200764A74 /* Sources */,
				046EF1F82CA9523200764A74 /* Frameworks */,
				046EF1F92CA9523200764A74 /* Resources */,
			);
			buildRules = (
			);
			dependencies = (
			);
			fileSystemSynchronizedGroups = (
				046EF1FD2CA9523200764A74 /* WhatsAppSettingView */,
			);
			name = WhatsAppSettingView;
			packageProductDependencies = (
			);
			productName = WhatsAppSettingView;
			productReference = 046EF1FB2CA9523200764A74 /* WhatsAppSettingView.app */;
			productType = "com.apple.product-type.application";
		};
		046EF20A2CA9523500764A74 /* WhatsAppSettingViewTests */ = {
			isa = PBXNativeTarget;
			buildConfigurationList = 046EF2222CA9523500764A74 /* Build configuration list for PBXNativeTarget "WhatsAppSettingViewTests" */;
			buildPhases = (
				046EF2072CA9523500764A74 /* Sources */,
				046EF2082CA9523500764A74 /* Frameworks */,
				046EF2092CA9523500764A74 /* Resources */,
			);
			buildRules = (
			);
			dependencies = (
				046EF20D2CA9523500764A74 /* PBXTargetDependency */,
			);
			fileSystemSynchronizedGroups = (
				046EF20E2CA9523500764A74 /* WhatsAppSettingViewTests */,
			);
			name = WhatsAppSettingViewTests;
			packageProductDependencies = (
			);
			productName = WhatsAppSettingViewTests;
			productReference = 046EF20B2CA9523500764A74 /* WhatsAppSettingViewTests.xctest */;
			productType = "com.apple.product-type.bundle.unit-test";
		};
		046EF2142CA9523500764A74 /* WhatsAppSettingViewUITests */ = {
			isa = PBXNativeTarget;
			buildConfigurationList = 046EF2252CA9523500764A74 /* Build configuration list for PBXNativeTarget "WhatsAppSettingViewUITests" */;
			buildPhases = (
				046EF2112CA9523500764A74 /* Sources */,
				046EF2122CA9523500764A74 /* Frameworks */,
				046EF2132CA9523500764A74 /* Resources */,
			);
			buildRules = (
			);
			dependencies = (
				046EF2172CA9523500764A74 /* PBXTargetDependency */,
			);
			fileSystemSynchronizedGroups = (
				046EF2182CA9523500764A74 /* WhatsAppSettingViewUITests */,
			);
			name = WhatsAppSettingViewUITests;
			packageProductDependencies = (
			);
			productName = WhatsAppSettingViewUITests;
			productReference = 046EF2152CA9523500764A74 /* WhatsAppSettingViewUITests.xctest */;
			productType = "com.apple.product-type.bundle.ui-testing";
		};
/* End PBXNativeTarget section */

/* Begin PBXProject section */
		046EF1F32CA9523200764A74 /* Project object */ = {
			isa = PBXProject;
			attributes = {
				BuildIndependentTargetsInParallel = 1;
				LastSwiftUpdateCheck = 1600;
				LastUpgradeCheck = 1600;
				TargetAttributes = {
					046EF1FA2CA9523200764A74 = {
						CreatedOnToolsVersion = 16.0;
					};
					046EF20A2CA9523500764A74 = {
						CreatedOnToolsVersion = 16.0;
						TestTargetID = 046EF1FA2CA9523200764A74;
					};
					046EF2142CA9523500764A74 = {
						CreatedOnToolsVersion = 16.0;
						TestTargetID = 046EF1FA2CA9523200764A74;
					};
				};
			};
			buildConfigurationList = 046EF1F62CA9523200764A74 /* Build configuration list for PBXProject "WhatsAppSettingView" */;
			developmentRegion = en;
			hasScannedForEncodings = 0;
			knownRegions = (
				en,
				Base,
			);
			mainGroup = 046EF1F22CA9523200764A74;
			minimizedProjectReferenceProxies = 1;
			preferredProjectObjectVersion = 77;
			productRefGroup = 046EF1FC2CA9523200764A74 /* Products */;
			projectDirPath = "";
			projectRoot = "";
			targets = (
				046EF1FA2CA9523200764A74 /* WhatsAppSettingView */,
				046EF20A2CA9523500764A74 /* WhatsAppSettingViewTests */,
				046EF2142CA9523500764A74 /* WhatsAppSettingViewUITests */,
			);
		};
/* End PBXProject section */

/* Begin PBXResourcesBuildPhase section */
		046EF1F92CA9523200764A74 /* Resources */ = {
			isa = PBXResourcesBuildPhase;
			buildActionMask = 2147483647;
			files = (
			);
			runOnlyForDeploymentPostprocessing = 0;
		};
		046EF2092CA9523500764A74 /* Resources */ = {
			isa = PBXResourcesBuildPhase;
			buildActionMask = 2147483647;
			files = (
			);
			runOnlyForDeploymentPostprocessing = 0;
		};
		046EF2132CA9523500764A74 /* Resources */ = {
			isa = PBXResourcesBuildPhase;
			buildActionMask = 2147483647;
			files = (
			);
			runOnlyForDeploymentPostprocessing = 0;
		};
/* End PBXResourcesBuildPhase section */

/* Begin PBXSourcesBuildPhase section */
		046EF1F72CA9523200764A74 /* Sources */ = {
			isa = PBXSourcesBuildPhase;
			buildActionMask = 2147483647;
			files = (
			);
			runOnlyForDeploymentPostprocessing = 0;
		};
		046EF2072CA9523500764A74 /* Sources */ = {
			isa = PBXSourcesBuildPhase;
			buildActionMask = 2147483647;
			files = (
			);
			runOnlyForDeploymentPostprocessing = 0;
		};
		046EF2112CA9523500764A74 /* Sources */ = {
			isa = PBXSourcesBuildPhase;
			buildActionMask = 2147483647;
			files = (
			);
			runOnlyForDeploymentPostprocessing = 0;
		};
/* End PBXSourcesBuildPhase section */

/* Begin PBXTargetDependency section */
		046EF20D2CA9523500764A74 /* PBXTargetDependency */ = {
			isa = PBXTargetDependency;
			target = 046EF1FA2CA9523200764A74 /* WhatsAppSettingView */;
			targetProxy = 046EF20C2CA9523500764A74 /* PBXContainerItemProxy */;
		};
		046EF2172CA9523500764A74 /* PBXTargetDependency */ = {
			isa = PBXTargetDependency;
			target = 046EF1FA2CA9523200764A74 /* WhatsAppSettingView */;
			targetProxy = 046EF2162CA9523500764A74 /* PBXContainerItemProxy */;
		};
/* End PBXTargetDependency section */

/* Begin XCBuildConfiguration section */
		046EF21D2CA9523500764A74 /* Debug */ = {
			isa = XCBuildConfiguration;
			buildSettings = {
				ALWAYS_SEARCH_USER_PATHS = NO;
				ASSETCATALOG_COMPILER_GENERATE_SWIFT_ASSET_SYMBOL_EXTENSIONS = YES;
				CLANG_ANALYZER_NONNULL = YES;
				CLANG_ANALYZER_NUMBER_OBJECT_CONVERSION = YES_AGGRESSIVE;
				CLANG_CXX_LANGUAGE_STANDARD = "gnu++20";
				CLANG_ENABLE_MODULES = YES;
				CLANG_ENABLE_OBJC_ARC = YES;
				CLANG_ENABLE_OBJC_WEAK = YES;
				CLANG_WARN_BLOCK_CAPTURE_AUTORELEASING = YES;
				CLANG_WARN_BOOL_CONVERSION = YES;
				CLANG_WARN_COMMA = YES;
				CLANG_WARN_CONSTANT_CONVERSION = YES;
				CLANG_WARN_DEPRECATED_OBJC_IMPLEMENTATIONS = YES;
				CLANG_WARN_DIRECT_OBJC_ISA_USAGE = YES_ERROR;
				CLANG_WARN_DOCUMENTATION_COMMENTS = YES;
				CLANG_WARN_EMPTY_BODY = YES;
				CLANG_WARN_ENUM_CONVERSION = YES;
				CLANG_WARN_INFINITE_RECURSION = YES;
				CLANG_WARN_INT_CONVERSION = YES;
				CLANG_WARN_NON_LITERAL_NULL_CONVERSION = YES;
				CLANG_WARN_OBJC_IMPLICIT_RETAIN_SELF = YES;
				CLANG_WARN_OBJC_LITERAL_CONVERSION = YES;
				CLANG_WARN_OBJC_ROOT_CLASS = YES_ERROR;
				CLANG_WARN_QUOTED_INCLUDE_IN_FRAMEWORK_HEADER = YES;
				CLANG_WARN_RANGE_LOOP_ANALYSIS = YES;
				CLANG_WARN_STRICT_PROTOTYPES = YES;
				CLANG_WARN_SUSPICIOUS_MOVE = YES;
				CLANG_WARN_UNGUARDED_AVAILABILITY = YES_AGGRESSIVE;
				CLANG_WARN_UNREACHABLE_CODE = YES;
				CLANG_WARN__DUPLICATE_METHOD_MATCH = YES;
				COPY_PHASE_STRIP = NO;
				DEBUG_INFORMATION_FORMAT = dwarf;
				ENABLE_STRICT_OBJC_MSGSEND = YES;
				ENABLE_TESTABILITY = YES;
				ENABLE_USER_SCRIPT_SANDBOXING = YES;
				GCC_C_LANGUAGE_STANDARD = gnu17;
				GCC_DYNAMIC_NO_PIC = NO;
				GCC_NO_COMMON_BLOCKS = YES;
				GCC_OPTIMIZATION_LEVEL = 0;
				GCC_PREPROCESSOR_DEFINITIONS = (
					"DEBUG=1",
					"$(inherited)",
				);
				GCC_WARN_64_TO_32_BIT_CONVERSION = YES;
				GCC_WARN_ABOUT_RETURN_TYPE = YES_ERROR;
				GCC_WARN_UNDECLARED_SELECTOR = YES;
				GCC_WARN_UNINITIALIZED_AUTOS = YES_AGGRESSIVE;
				GCC_WARN_UNUSED_FUNCTION = YES;
				GCC_WARN_UNUSED_VARIABLE = YES;
				IPHONEOS_DEPLOYMENT_TARGET = 18.0;
				LOCALIZATION_PREFERS_STRING_CATALOGS = YES;
				MTL_ENABLE_DEBUG_INFO = INCLUDE_SOURCE;
				MTL_FAST_MATH = YES;
				ONLY_ACTIVE_ARCH = YES;
				SDKROOT = iphoneos;
				SWIFT_ACTIVE_COMPILATION_CONDITIONS = "DEBUG $(inherited)";
				SWIFT_OPTIMIZATION_LEVEL = "-Onone";
			};
			name = Debug;
		};
		046EF21E2CA9523500764A74 /* Release */ = {
			isa = XCBuildConfiguration;
			buildSettings = {
				ALWAYS_SEARCH_USER_PATHS = NO;
				ASSETCATALOG_COMPILER_GENERATE_SWIFT_ASSET_SYMBOL_EXTENSIONS = YES;
				CLANG_ANALYZER_NONNULL = YES;
				CLANG_ANALYZER_NUMBER_OBJECT_CONVERSION = YES_AGGRESSIVE;
				CLANG_CXX_LANGUAGE_STANDARD = "gnu++20";
				CLANG_ENABLE_MODULES = YES;
				CLANG_ENABLE_OBJC_ARC = YES;
				CLANG_ENABLE_OBJC_WEAK = YES;
				CLANG_WARN_BLOCK_CAPTURE_AUTORELEASING = YES;
				CLANG_WARN_BOOL_CONVERSION = YES;
				CLANG_WARN_COMMA = YES;
				CLANG_WARN_CONSTANT_CONVERSION = YES;
				CLANG_WARN_DEPRECATED_OBJC_IMPLEMENTATIONS = YES;
				CLANG_WARN_DIRECT_OBJC_ISA_USAGE = YES_ERROR;
				CLANG_WARN_DOCUMENTATION_COMMENTS = YES;
				CLANG_WARN_EMPTY_BODY = YES;
				CLANG_WARN_ENUM_CONVERSION = YES;
				CLANG_WARN_INFINITE_RECURSION = YES;
				CLANG_WARN_INT_CONVERSION = YES;
				CLANG_WARN_NON_LITERAL_NULL_CONVERSION = YES;
				CLANG_WARN_OBJC_IMPLICIT_RETAIN_SELF = YES;
				CLANG_WARN_OBJC_LITERAL_CONVERSION = YES;
				CLANG_WARN_OBJC_ROOT_CLASS = YES_ERROR;
				CLANG_WARN_QUOTED_INCLUDE_IN_FRAMEWORK_HEADER = YES;
				CLANG_WARN_RANGE_LOOP_ANALYSIS = YES;
				CLANG_WARN_STRICT_PROTOTYPES = YES;
				CLANG_WARN_SUSPICIOUS_MOVE = YES;
				CLANG_WARN_UNGUARDED_AVAILABILITY = YES_AGGRESSIVE;
				CLANG_WARN_UNREACHABLE_CODE = YES;
				CLANG_WARN__DUPLICATE_METHOD_MATCH = YES;
				COPY_PHASE_STRIP = NO;
				DEBUG_INFORMATION_FORMAT = "dwarf-with-dsym";
				ENABLE_NS_ASSERTIONS = NO;
				ENABLE_STRICT_OBJC_MSGSEND = YES;
				ENABLE_USER_SCRIPT_SANDBOXING = YES;
				GCC_C_LANGUAGE_STANDARD = gnu17;
				GCC_NO_COMMON_BLOCKS = YES;
				GCC_WARN_64_TO_32_BIT_CONVERSION = YES;
				GCC_WARN_ABOUT_RETURN_TYPE = YES_ERROR;
				GCC_WARN_UNDECLARED_SELECTOR = YES;
				GCC_WARN_UNINITIALIZED_AUTOS = YES_AGGRESSIVE;
				GCC_WARN_UNUSED_FUNCTION = YES;
				GCC_WARN_UNUSED_VARIABLE = YES;
				IPHONEOS_DEPLOYMENT_TARGET = 18.0;
				LOCALIZATION_PREFERS_STRING_CATALOGS = YES;
				MTL_ENABLE_DEBUG_INFO = NO;
				MTL_FAST_MATH = YES;
				SDKROOT = iphoneos;
				SWIFT_COMPILATION_MODE = wholemodule;
				VALIDATE_PRODUCT = YES;
			};
			name = Release;
		};
		046EF2202CA9523500764A74 /* Debug */ = {
			isa = XCBuildConfiguration;
			buildSettings = {
				ASSETCATALOG_COMPILER_APPICON_NAME = AppIcon;
				ASSETCATALOG_COMPILER_GLOBAL_ACCENT_COLOR_NAME = AccentColor;
				CODE_SIGN_STYLE = Automatic;
				CURRENT_PROJECT_VERSION = 1;
				DEVELOPMENT_ASSET_PATHS = "\"WhatsAppSettingView/Preview Content\"";
				ENABLE_PREVIEWS = YES;
				GENERATE_INFOPLIST_FILE = YES;
				INFOPLIST_KEY_UIApplicationSceneManifest_Generation = YES;
				INFOPLIST_KEY_UIApplicationSupportsIndirectInputEvents = YES;
				INFOPLIST_KEY_UILaunchScreen_Generation = YES;
				INFOPLIST_KEY_UISupportedInterfaceOrientations_iPad = "UIInterfaceOrientationPortrait UIInterfaceOrientationPortraitUpsideDown UIInterfaceOrientationLandscapeLeft UIInterfaceOrientationLandscapeRight";
				INFOPLIST_KEY_UISupportedInterfaceOrientations_iPhone = "UIInterfaceOrientationPortrait UIInterfaceOrientationLandscapeLeft UIInterfaceOrientationLandscapeRight";
				LD_RUNPATH_SEARCH_PATHS = (
					"$(inherited)",
					"@executable_path/Frameworks",
				);
				MARKETING_VERSION = 1.0;
				PRODUCT_BUNDLE_IDENTIFIER = com.buildwithrisyad.WhatsAppSettingView;
				PRODUCT_NAME = "$(TARGET_NAME)";
				SWIFT_EMIT_LOC_STRINGS = YES;
				SWIFT_VERSION = 5.0;
				TARGETED_DEVICE_FAMILY = "1,2";
			};
			name = Debug;
		};
		046EF2212CA9523500764A74 /* Release */ = {
			isa = XCBuildConfiguration;
			buildSettings = {
				ASSETCATALOG_COMPILER_APPICON_NAME = AppIcon;
				ASSETCATALOG_COMPILER_GLOBAL_ACCENT_COLOR_NAME = AccentColor;
				CODE_SIGN_STYLE = Automatic;
				CURRENT_PROJECT_VERSION = 1;
				DEVELOPMENT_ASSET_PATHS = "\"WhatsAppSettingView/Preview Content\"";
				ENABLE_PREVIEWS = YES;
				GENERATE_INFOPLIST_FILE = YES;
				INFOPLIST_KEY_UIApplicationSceneManifest_Generation = YES;
				INFOPLIST_KEY_UIApplicationSupportsIndirectInputEvents = YES;
				INFOPLIST_KEY_UILaunchScreen_Generation = YES;
				INFOPLIST_KEY_UISupportedInterfaceOrientations_iPad = "UIInterfaceOrientationPortrait UIInterfaceOrientationPortraitUpsideDown UIInterfaceOrientationLandscapeLeft UIInterfaceOrientationLandscapeRight";
				INFOPLIST_KEY_UISupportedInterfaceOrientations_iPhone = "UIInterfaceOrientationPortrait UIInterfaceOrientationLandscapeLeft UIInterfaceOrientationLandscapeRight";
				LD_RUNPATH_SEARCH_PATHS = (
					"$(inherited)",
					"@executable_path/Frameworks",
				);
				MARKETING_VERSION = 1.0;
				PRODUCT_BUNDLE_IDENTIFIER = com.buildwithrisyad.WhatsAppSettingView;
				PRODUCT_NAME = "$(TARGET_NAME)";
				SWIFT_EMIT_LOC_STRINGS = YES;
				SWIFT_VERSION = 5.0;
				TARGETED_DEVICE_FAMILY = "1,2";
			};
			name = Release;
		};
		046EF2232CA9523500764A74 /* Debug */ = {
			isa = XCBuildConfiguration;
			buildSettings = {
				BUNDLE_LOADER = "$(TEST_HOST)";
				CODE_SIGN_STYLE = Automatic;
				CURRENT_PROJECT_VERSION = 1;
				GENERATE_INFOPLIST_FILE = YES;
				IPHONEOS_DEPLOYMENT_TARGET = 18.0;
				MARKETING_VERSION = 1.0;
				PRODUCT_BUNDLE_IDENTIFIER = com.buildwithrisyad.WhatsAppSettingViewTests;
				PRODUCT_NAME = "$(TARGET_NAME)";
				SWIFT_EMIT_LOC_STRINGS = NO;
				SWIFT_VERSION = 5.0;
				TARGETED_DEVICE_FAMILY = "1,2";
				TEST_HOST = "$(BUILT_PRODUCTS_DIR)/WhatsAppSettingView.app/$(BUNDLE_EXECUTABLE_FOLDER_PATH)/WhatsAppSettingView";
			};
			name = Debug;
		};
		046EF2242CA9523500764A74 /* Release */ = {
			isa = XCBuildConfiguration;
			buildSettings = {
				BUNDLE_LOADER = "$(TEST_HOST)";
				CODE_SIGN_STYLE = Automatic;
				CURRENT_PROJECT_VERSION = 1;
				GENERATE_INFOPLIST_FILE = YES;
				IPHONEOS_DEPLOYMENT_TARGET = 18.0;
				MARKETING_VERSION = 1.0;
				PRODUCT_BUNDLE_IDENTIFIER = com.buildwithrisyad.WhatsAppSettingViewTests;
				PRODUCT_NAME = "$(TARGET_NAME)";
				SWIFT_EMIT_LOC_STRINGS = NO;
				SWIFT_VERSION = 5.0;
				TARGETED_DEVICE_FAMILY = "1,2";
				TEST_HOST = "$(BUILT_PRODUCTS_DIR)/WhatsAppSettingView.app/$(BUNDLE_EXECUTABLE_FOLDER_PATH)/WhatsAppSettingView";
			};
			name = Release;
		};
		046EF2262CA9523500764A74 /* Debug */ = {
			isa = XCBuildConfiguration;
			buildSettings = {
				CODE_SIGN_STYLE = Automatic;
				CURRENT_PROJECT_VERSION = 1;
				GENERATE_INFOPLIST_FILE = YES;
				MARKETING_VERSION = 1.0;
				PRODUCT_BUNDLE_IDENTIFIER = com.buildwithrisyad.WhatsAppSettingViewUITests;
				PRODUCT_NAME = "$(TARGET_NAME)";
				SWIFT_EMIT_LOC_STRINGS = NO;
				SWIFT_VERSION = 5.0;
				TARGETED_DEVICE_FAMILY = "1,2";
				TEST_TARGET_NAME = WhatsAppSettingView;
			};
			name = Debug;
		};
		046EF2272CA9523500764A74 /* Release */ = {
			isa = XCBuildConfiguration;
			buildSettings = {
				CODE_SIGN_STYLE = Automatic;
				CURRENT_PROJECT_VERSION = 1;
				GENERATE_INFOPLIST_FILE = YES;
				MARKETING_VERSION = 1.0;
				PRODUCT_BUNDLE_IDENTIFIER = com.buildwithrisyad.WhatsAppSettingViewUITests;
				PRODUCT_NAME = "$(TARGET_NAME)";
				SWIFT_EMIT_LOC_STRINGS = NO;
				SWIFT_VERSION = 5.0;
				TARGETED_DEVICE_FAMILY = "1,2";
				TEST_TARGET_NAME = WhatsAppSettingView;
			};
			name = Release;
		};
/* End XCBuildConfiguration section */

/* Begin XCConfigurationList section */
		046EF1F62CA9523200764A74 /* Build configuration list for PBXProject "WhatsAppSettingView" */ = {
			isa = XCConfigurationList;
			buildConfigurations = (
				046EF21D2CA9523500764A74 /* Debug */,
				046EF21E2CA9523500764A74 /* Release */,
			);
			defaultConfigurationIsVisible = 0;
			defaultConfigurationName = Release;
		};
		046EF21F2CA9523500764A74 /* Build configuration list for PBXNativeTarget "WhatsAppSettingView" */ = {
			isa = XCConfigurationList;
			buildConfigurations = (
				046EF2202CA9523500764A74 /* Debug */,
				046EF2212CA9523500764A74 /* Release */,
			);
			defaultConfigurationIsVisible = 0;
			defaultConfigurationName = Release;
		};
		046EF2222CA9523500764A74 /* Build configuration list for PBXNativeTarget "WhatsAppSettingViewTests" */ = {
			isa = XCConfigurationList;
			buildConfigurations = (
				046EF2232CA9523500764A74 /* Debug */,
				046EF2242CA9523500764A74 /* Release */,
			);
			defaultConfigurationIsVisible = 0;
			defaultConfigurationName = Release;
		};
		046EF2252CA9523500764A74 /* Build configuration list for PBXNativeTarget "WhatsAppSettingViewUITests" */ = {
			isa = XCConfigurationList;
			buildConfigurations = (
				046EF2262CA9523500764A74 /* Debug */,
				046EF2272CA9523500764A74 /* Release */,
			);
			defaultConfigurationIsVisible = 0;
			defaultConfigurationName = Release;
		};
/* End XCConfigurationList section */
	};
	rootObject = 046EF1F32CA9523200764A74 /* Project object */;
}
